
Microsoft Visual Studio Solution File, Format Version 12.00
# Visual Studio Version 17
VisualStudioVersion = 17.2.32616.157
MinimumVisualStudioVersion = 10.0.40219.1
Project("{9A19103F-16F7-4668-BE54-9A1E7A4F7556}") = "GrpcHelloWorldServer", "GrpcHelloWorldServer\GrpcHelloWorldServer.csproj", "{C29E8DA5-C640-4133-ACD2-D0984778F812}"
EndProject
Project("{9A19103F-16F7-4668-BE54-9A1E7A4F7556}") = "GrpcHelloWorldClient", "GrpcHelloWorldClient\GrpcHelloWorldClient.csproj", "{C1AF3F4B-D021-4A0E-8E2C-B88B524AC0D1}"
EndProject
Project("{9A19103F-16F7-4668-BE54-9A1E7A4F7556}") = "ProductGrpc", "ProductGrpc\ProductGrpc.csproj", "{A95324EB-979F-44D5-800E-1371D5DED325}"
EndProject
Project("{9A19103F-16F7-4668-BE54-9A1E7A4F7556}") = "ProductGrpcClient", "ProductGrpcClient\ProductGrpcClient.csproj", "{2887C5E3-330F-4046-A9FC-3CBA14AE37F9}"
EndProject
Project("{9A19103F-16F7-4668-BE54-9A1E7A4F7556}") = "ProductWorkerService", "ProductWorkerService\ProductWorkerService.csproj", "{732C5E91-DD7E-4831-AC43-A459EDD08F4C}"
EndProject
Project("{2150E333-8FDC-42A3-9474-1A3956D46DE8}") = "Product", "Product", "{93B5DB4E-5B56-43BA-8D55-CCE8FF7F1907}"
EndProject
Project("{2150E333-8FDC-42A3-9474-1A3956D46DE8}") = "ShoppingCart", "ShoppingCart", "{1BD80801-1BD7-4AD8-9E4A-48EB8E63DFC4}"
EndProject
Project("{2150E333-8FDC-42A3-9474-1A3956D46DE8}") = "Basic", "Basic", "{820AC88C-63DF-4773-96C7-772738DF39CA}"
EndProject
Project("{9A19103F-16F7-4668-BE54-9A1E7A4F7556}") = "ShoppingCartGrpc", "ShoppingCartGrpc\ShoppingCartGrpc.csproj", "{A91292F7-D698-4B36-BDAF-B73CF9D03A05}"
EndProject
Project("{2150E333-8FDC-42A3-9474-1A3956D46DE8}") = "Discount", "Discount", "{B6ADDBAC-D01F-400F-BCCF-528B824E3720}"
EndProject
Project("{9A19103F-16F7-4668-BE54-9A1E7A4F7556}") = "DiscountGrpc", "DiscountGrpc\DiscountGrpc.csproj", "{15727D3D-4E76-4976-A1E2-0CF8E1BA19EB}"
EndProject
Project("{FAE04EC0-301F-11D3-BF4B-00C04F79EFBC}") = "ShoppingCartWorkerService", "ShoppingCartWorkerService\ShoppingCartWorkerService.csproj", "{64A0B459-CFDA-4A01-A4A2-3987E024E74F}"
EndProject
Global
	GlobalSection(SolutionConfigurationPlatforms) = preSolution
		Debug|Any CPU = Debug|Any CPU
		Release|Any CPU = Release|Any CPU
	EndGlobalSection
	GlobalSection(ProjectConfigurationPlatforms) = postSolution
		{C29E8DA5-C640-4133-ACD2-D0984778F812}.Debug|Any CPU.ActiveCfg = Debug|Any CPU
		{C29E8DA5-C640-4133-ACD2-D0984778F812}.Debug|Any CPU.Build.0 = Debug|Any CPU
		{C29E8DA5-C640-4133-ACD2-D0984778F812}.Release|Any CPU.ActiveCfg = Release|Any CPU
		{C29E8DA5-C640-4133-ACD2-D0984778F812}.Release|Any CPU.Build.0 = Release|Any CPU
		{C1AF3F4B-D021-4A0E-8E2C-B88B524AC0D1}.Debug|Any CPU.ActiveCfg = Debug|Any CPU
		{C1AF3F4B-D021-4A0E-8E2C-B88B524AC0D1}.Debug|Any CPU.Build.0 = Debug|Any CPU
		{C1AF3F4B-D021-4A0E-8E2C-B88B524AC0D1}.Release|Any CPU.ActiveCfg = Release|Any CPU
		{C1AF3F4B-D021-4A0E-8E2C-B88B524AC0D1}.Release|Any CPU.Build.0 = Release|Any CPU
		{A95324EB-979F-44D5-800E-1371D5DED325}.Debug|Any CPU.ActiveCfg = Debug|Any CPU
		{A95324EB-979F-44D5-800E-1371D5DED325}.Debug|Any CPU.Build.0 = Debug|Any CPU
		{A95324EB-979F-44D5-800E-1371D5DED325}.Release|Any CPU.ActiveCfg = Release|Any CPU
		{A95324EB-979F-44D5-800E-1371D5DED325}.Release|Any CPU.Build.0 = Release|Any CPU
		{2887C5E3-330F-4046-A9FC-3CBA14AE37F9}.Debug|Any CPU.ActiveCfg = Debug|Any CPU
		{2887C5E3-330F-4046-A9FC-3CBA14AE37F9}.Debug|Any CPU.Build.0 = Debug|Any CPU
		{2887C5E3-330F-4046-A9FC-3CBA14AE37F9}.Release|Any CPU.ActiveCfg = Release|Any CPU
		{2887C5E3-330F-4046-A9FC-3CBA14AE37F9}.Release|Any CPU.Build.0 = Release|Any CPU
		{732C5E91-DD7E-4831-AC43-A459EDD08F4C}.Debug|Any CPU.ActiveCfg = Debug|Any CPU
		{732C5E91-DD7E-4831-AC43-A459EDD08F4C}.Debug|Any CPU.Build.0 = Debug|Any CPU
		{732C5E91-DD7E-4831-AC43-A459EDD08F4C}.Release|Any CPU.ActiveCfg = Release|Any CPU
		{732C5E91-DD7E-4831-AC43-A459EDD08F4C}.Release|Any CPU.Build.0 = Release|Any CPU
		{A91292F7-D698-4B36-BDAF-B73CF9D03A05}.Debug|Any CPU.ActiveCfg = Debug|Any CPU
		{A91292F7-D698-4B36-BDAF-B73CF9D03A05}.Debug|Any CPU.Build.0 = Debug|Any CPU
		{A91292F7-D698-4B36-BDAF-B73CF9D03A05}.Release|Any CPU.ActiveCfg = Release|Any CPU
		{A91292F7-D698-4B36-BDAF-B73CF9D03A05}.Release|Any CPU.Build.0 = Release|Any CPU
		{15727D3D-4E76-4976-A1E2-0CF8E1BA19EB}.Debug|Any CPU.ActiveCfg = Debug|Any CPU
		{15727D3D-4E76-4976-A1E2-0CF8E1BA19EB}.Debug|Any CPU.Build.0 = Debug|Any CPU
		{15727D3D-4E76-4976-A1E2-0CF8E1BA19EB}.Release|Any CPU.ActiveCfg = Release|Any CPU
		{15727D3D-4E76-4976-A1E2-0CF8E1BA19EB}.Release|Any CPU.Build.0 = Release|Any CPU
		{64A0B459-CFDA-4A01-A4A2-3987E024E74F}.Debug|Any CPU.ActiveCfg = Debug|Any CPU
		{64A0B459-CFDA-4A01-A4A2-3987E024E74F}.Debug|Any CPU.Build.0 = Debug|Any CPU
		{64A0B459-CFDA-4A01-A4A2-3987E024E74F}.Release|Any CPU.ActiveCfg = Release|Any CPU
		{64A0B459-CFDA-4A01-A4A2-3987E024E74F}.Release|Any CPU.Build.0 = Release|Any CPU
	EndGlobalSection
	GlobalSection(SolutionProperties) = preSolution
		HideSolutionNode = FALSE
	EndGlobalSection
	GlobalSection(NestedProjects) = preSolution
		{C29E8DA5-C640-4133-ACD2-D0984778F812} = {820AC88C-63DF-4773-96C7-772738DF39CA}
		{C1AF3F4B-D021-4A0E-8E2C-B88B524AC0D1} = {820AC88C-63DF-4773-96C7-772738DF39CA}
		{A95324EB-979F-44D5-800E-1371D5DED325} = {93B5DB4E-5B56-43BA-8D55-CCE8FF7F1907}
		{2887C5E3-330F-4046-A9FC-3CBA14AE37F9} = {93B5DB4E-5B56-43BA-8D55-CCE8FF7F1907}
		{732C5E91-DD7E-4831-AC43-A459EDD08F4C} = {93B5DB4E-5B56-43BA-8D55-CCE8FF7F1907}
		{A91292F7-D698-4B36-BDAF-B73CF9D03A05} = {1BD80801-1BD7-4AD8-9E4A-48EB8E63DFC4}
		{15727D3D-4E76-4976-A1E2-0CF8E1BA19EB} = {B6ADDBAC-D01F-400F-BCCF-528B824E3720}
		{64A0B459-CFDA-4A01-A4A2-3987E024E74F} = {1BD80801-1BD7-4AD8-9E4A-48EB8E63DFC4}
	EndGlobalSection
	GlobalSection(ExtensibilityGlobals) = postSolution
		SolutionGuid = {22F05DF2-CADE-43C7-8ED1-5977C0FAC0B3}
	EndGlobalSection
EndGlobal
